<?xml version="1.0" encoding="utf-8"?>
<Project ToolsVersion="16.0" xmlns="http://schemas.microsoft.com/developer/msbuild/2003">
  <ItemGroup>
    <Filter Include="Source Files">
      <UniqueIdentifier>{B1F27843-FECA-1BAD-7DB0-70DECABD7DB2}</UniqueIdentifier>
      <Extensions>cpp;cxx;cc;c;C</Extensions>
    </Filter>
    <Filter Include="Header Files">
      <UniqueIdentifier>{06319535-FECA-1BAD-7DB0-70DECABD7DB2}</UniqueIdentifier>
      <Extensions>h;hpp;hxx;hh</Extensions>
    </Filter>
    <Filter Include="Build Files">
      <UniqueIdentifier>{A1909F1C-FECA-1BAD-7DB0-70DECABD7DB2}</UniqueIdentifier>
      <Extensions>mpc;mpb;mwc</Extensions>
    </Filter>
  </ItemGroup>
  <ItemGroup>
    <ClCompile Include="be_global.cpp">
      <Filter>Source Files</Filter>
    </ClCompile>
    <ClCompile Include="be_init.cpp">
      <Filter>Source Files</Filter>
    </ClCompile>
    <ClCompile Include="be_produce.cpp">
      <Filter>Source Files</Filter>
    </ClCompile>
    <ClCompile Include="be_util.cpp">
      <Filter>Source Files</Filter>
    </ClCompile>
    <ClCompile Include="drv_args.cpp">
      <Filter>Source Files</Filter>
    </ClCompile>
    <ClCompile Include="drv_preproc.cpp">
      <Filter>Source Files</Filter>
    </ClCompile>
    <ClCompile Include="idl2jni.cpp">
      <Filter>Source Files</Filter>
    </ClCompile>
    <ClCompile Include="idl2jni_visitor.cpp">
      <Filter>Source Files</Filter>
    </ClCompile>
    <ClCompile Include="idl_mapping.cpp">
      <Filter>Source Files</Filter>
    </ClCompile>
    <ClCompile Include="im_java.cpp">
      <Filter>Source Files</Filter>
    </ClCompile>
    <ClCompile Include="im_jni.cpp">
      <Filter>Source Files</Filter>
    </ClCompile>
  </ItemGroup>
  <ItemGroup>
    <ClInclude Include="be_extern.h">
      <Filter>Header Files</Filter>
    </ClInclude>
    <ClInclude Include="be_global.h">
      <Filter>Header Files</Filter>
    </ClInclude>
    <ClInclude Include="be_util.h">
      <Filter>Header Files</Filter>
    </ClInclude>
    <ClInclude Include="idl2jni_visitor.h">
      <Filter>Header Files</Filter>
    </ClInclude>
    <ClInclude Include="idl_mapping.h">
      <Filter>Header Files</Filter>
    </ClInclude>
  </ItemGroup>
  <ItemGroup>
    <None Include="idl2jni_codegen.mpc">
      <Filter>Build Files</Filter>
    </None>
  </ItemGroup>
</Project>
